{
  "name": "cap-sistema",
  "version": "0.1.0",
  "lockfileVersion": 3,
  "requires": true,
  "packages": {
    "": {
      "name": "cap-sistema",
      "version": "0.1.0",
      "license": "UNLICENSED",
      "workspaces": [
        "packages/*",
        "services/*",
        "web"
      ],
      "engines": {
        "node": ">=22.0.0",
        "npm": ">=10.0.0"
      }
    },
    "node_modules/@cap/shared": {
      "resolved": "packages/shared",
      "link": true
    },
    "packages/shared": {
      "name": "@cap/shared",
      "version": "0.1.0"
    }
  }
}
